
Microsoft Visual Studio Solution File, Format Version 12.00
# Visual Studio Version 17
VisualStudioVersion = 17.14.36203.30 d17.14
MinimumVisualStudioVersion = 10.0.40219.1
Project("{FAE04EC0-301F-11D3-BF4B-00C04F79EFBC}") = "MINICORE", "MINICORE\MINICORE.csproj", "{3BE3C0B9-995C-43C9-A9B9-B6DE3833E5C0}"
EndProject
Global
	GlobalSection(SolutionConfigurationPlatforms) = preSolution
		Debug|Any CPU = Debug|Any CPU
		Release|Any CPU = Release|Any CPU
	EndGlobalSection
	GlobalSection(ProjectConfigurationPlatforms) = postSolution
		{3BE3C0B9-995C-43C9-A9B9-B6DE3833E5C0}.Debug|Any CPU.ActiveCfg = Debug|Any CPU
		{3BE3C0B9-995C-43C9-A9B9-B6DE3833E5C0}.Debug|Any CPU.Build.0 = Debug|Any CPU
		{3BE3C0B9-995C-43C9-A9B9-B6DE3833E5C0}.Release|Any CPU.ActiveCfg = Release|Any CPU
		{3BE3C0B9-995C-43C9-A9B9-B6DE3833E5C0}.Release|Any CPU.Build.0 = Release|Any CPU
	EndGlobalSection
	GlobalSection(SolutionProperties) = preSolution
		HideSolutionNode = FALSE
	EndGlobalSection
	GlobalSection(ExtensibilityGlobals) = postSolution
		SolutionGuid = {699AE340-027F-49CE-B380-A64505F6F099}
	EndGlobalSection
EndGlobal
